{
  "name": "cc2145a2fe1558fa",
  "lockfileVersion": 3,
  "requires": true,
  "packages": {
    "": {
      "dependencies": {
        "create-next-app": "^15.2.1"
      }
    },
    "node_modules/create-next-app": {
      "version": "15.2.1",
      "resolved": "https://registry.npmjs.org/create-next-app/-/create-next-app-15.2.1.tgz",
      "integrity": "sha512-IoyBDjflVjmd7wwp//QF/YidZb5z/NasQGDe9uJpEM/OrNNvQtYgEY8AyOIrBdIhiLNyf/5p07s1Y+s+8CeOyQ==",
      "bin": {
        "create-next-app": "dist/index.js"
      },
      "engines": {
        "node": ">=18.18.0"
      }
    }
  }
}
