{
  "name": "1415fee72ff6294b",
  "lockfileVersion": 3,
  "requires": true,
  "packages": {
    "": {
      "dependencies": {
        "create-vite": "^6.3.1"
      }
    },
    "node_modules/create-vite": {
      "version": "6.3.1",
      "resolved": "https://registry.npmjs.org/create-vite/-/create-vite-6.3.1.tgz",
      "integrity": "sha512-kI3S6OgiBYnRlmhr4gNY76Fj62fMh+KukEd2PSAvMPdnY95rHhJCjCoUlt4BuHVNjfmRMbsFBBtO5dryFoSyUw==",
      "license": "MIT",
      "bin": {
        "create-vite": "index.js",
        "cva": "index.js"
      },
      "engines": {
        "node": "^18.0.0 || ^20.0.0 || >=22.0.0"
      },
      "funding": {
        "url": "https://github.com/vitejs/vite?sponsor=1"
      }
    }
  }
}
